
Microsoft Visual Studio Solution File, Format Version 12.00
# Visual Studio Version 16
VisualStudioVersion = 16.0.31702.278
MinimumVisualStudioVersion = 10.0.40219.1
Project("{FAE04EC0-301F-11D3-BF4B-00C04F79EFBC}") = "MazeSolver", "MazeSolver.csproj", "{3785F64A-9237-432E-8356-F236FD30B71F}"
EndProject
Global
	GlobalSection(SolutionConfigurationPlatforms) = preSolution
		Debug|Any CPU = Debug|Any CPU
		Release|Any CPU = Release|Any CPU
	EndGlobalSection
	GlobalSection(ProjectConfigurationPlatforms) = postSolution
		{3785F64A-9237-432E-8356-F236FD30B71F}.Debug|Any CPU.ActiveCfg = Debug|Any CPU
		{3785F64A-9237-432E-8356-F236FD30B71F}.Debug|Any CPU.Build.0 = Debug|Any CPU
		{3785F64A-9237-432E-8356-F236FD30B71F}.Release|Any CPU.ActiveCfg = Release|Any CPU
		{3785F64A-9237-432E-8356-F236FD30B71F}.Release|Any CPU.Build.0 = Release|Any CPU
	EndGlobalSection
	GlobalSection(SolutionProperties) = preSolution
		HideSolutionNode = FALSE
	EndGlobalSection
	GlobalSection(ExtensibilityGlobals) = postSolution
		SolutionGuid = {15F07E65-D7D6-415B-80B5-A6029D7616EB}
	EndGlobalSection
EndGlobal
